
Microsoft Visual Studio Solution File, Format Version 12.00
# Visual Studio Version 17
VisualStudioVersion = 17.0.31903.59
MinimumVisualStudioVersion = 10.0.40219.1
Project("{2150E333-8FDC-42A3-9474-1A3956D46DE8}") = "Solution Items", "Solution Items", "{AEF93661-6A20-42F8-875F-8BED14523CC2}"
	ProjectSection(SolutionItems) = preProject
		.editorconfig = .editorconfig
		Directory.Build.props = Directory.Build.props
		src\Directory.Build.props = src\Directory.Build.props
		Directory.Packages.props = Directory.Packages.props
	EndProjectSection
EndProject
Project("{9A19103F-16F7-4668-BE54-9A1E7A4F7556}") = "SharpAttributeParser.Tests.Common", "src\SharpAttributeParser.Tests.Common\SharpAttributeParser.Tests.Common.csproj", "{64E6D651-FAD2-40A4-98F9-9365F65D1734}"
EndProject
Global
	GlobalSection(SolutionConfigurationPlatforms) = preSolution
		Debug|Any CPU = Debug|Any CPU
		Release|Any CPU = Release|Any CPU
	EndGlobalSection
	GlobalSection(ProjectConfigurationPlatforms) = postSolution
		{64E6D651-FAD2-40A4-98F9-9365F65D1734}.Debug|Any CPU.ActiveCfg = Debug|Any CPU
		{64E6D651-FAD2-40A4-98F9-9365F65D1734}.Debug|Any CPU.Build.0 = Debug|Any CPU
		{64E6D651-FAD2-40A4-98F9-9365F65D1734}.Release|Any CPU.ActiveCfg = Release|Any CPU
		{64E6D651-FAD2-40A4-98F9-9365F65D1734}.Release|Any CPU.Build.0 = Release|Any CPU
	EndGlobalSection
	GlobalSection(SolutionProperties) = preSolution
		HideSolutionNode = FALSE
	EndGlobalSection
EndGlobal
